// !$*UTF8*$!
{
	archiveVersion = 1;
	classes = {
	};
	objectVersion = 56;
	objects = {

/* Begin PBXBuildFile section */
		151FBAB52C33EB0D00BB333C /* AppDelegate.swift in Sources */ = {isa = PBXBuildFile; fileRef = 151FBAB42C33EB0D00BB333C /* AppDelegate.swift */; };
		151FBAB72C33EB0D00BB333C /* SceneDelegate.swift in Sources */ = {isa = PBXBuildFile; fileRef = 151FBAB62C33EB0D00BB333C /* SceneDelegate.swift */; };
		151FBAB92C33EB0D00BB333C /* ViewController.swift in Sources */ = {isa = PBXBuildFile; fileRef = 151FBAB82C33EB0D00BB333C /* ViewController.swift */; };
		151FBABC2C33EB0D00BB333C /* Main.storyboard in Resources */ = {isa = PBXBuildFile; fileRef = 151FBABA2C33EB0D00BB333C /* Main.storyboard */; };
		151FBABE2C33EB0F00BB333C /* Assets.xcassets in Resources */ = {isa = PBXBuildFile; fileRef = 151FBABD2C33EB0F00BB333C /* Assets.xcassets */; };
		151FBAC12C33EB0F00BB333C /* LaunchScreen.storyboard in Resources */ = {isa = PBXBuildFile; fileRef = 151FBABF2C33EB0F00BB333C /* LaunchScreen.storyboard */; };
		151FBACC2C33EB0F00BB333C /* zeta_projectTests.swift in Sources */ = {isa = PBXBuildFile; fileRef = 151FBACB2C33EB0F00BB333C /* zeta_projectTests.swift */; };
		151FBAD62C33EB1000BB333C /* zeta_projectUITests.swift in Sources */ = {isa = PBXBuildFile; fileRef = 151FBAD52C33EB1000BB333C /* zeta_projectUITests.swift */; };
		151FBAD82C33EB1000BB333C /* zeta_projectUITestsLaunchTests.swift in Sources */ = {isa = PBXBuildFile; fileRef = 151FBAD72C33EB1000BB333C /* zeta_projectUITestsLaunchTests.swift */; };
/* End PBXBuildFile section */

/* Begin PBXContainerItemProxy section */
		151FBAC82C33EB0F00BB333C /* PBXContainerItemProxy */ = {
			isa = PBXContainerItemProxy;
			containerPortal = 151FBAA92C33EB0D00BB333C /* Project object */;
			proxyType = 1;
			remoteGlobalIDString = 151FBAB02C33EB0D00BB333C;
			remoteInfo = "zeta project";
		};
		151FBAD22C33EB1000BB333C /* PBXContainerItemProxy */ = {
			isa = PBXContainerItemProxy;
			containerPortal = 151FBAA92C33EB0D00BB333C /* Project object */;
			proxyType = 1;
			remoteGlobalIDString = 151FBAB02C33EB0D00BB333C;
			remoteInfo = "zeta project";
		};
/* End PBXContainerItemProxy section */

/* Begin PBXFileReference section */
		151FBAB12C33EB0D00BB333C /* zeta project.app */ = {isa = PBXFileReference; explicitFileType = wrapper.application; includeInIndex = 0; path = "zeta project.app"; sourceTree = BUILT_PRODUCTS_DIR; };
		151FBAB42C33EB0D00BB333C /* AppDelegate.swift */ = {isa = PBXFileReference; lastKnownFileType = sourcecode.swift; path = AppDelegate.swift; sourceTree = "<group>"; };
		151FBAB62C33EB0D00BB333C /* SceneDelegate.swift */ = {isa = PBXFileReference; lastKnownFileType = sourcecode.swift; path = SceneDelegate.swift; sourceTree = "<group>"; };
		151FBAB82C33EB0D00BB333C /* ViewController.swift */ = {isa = PBXFileReference; lastKnownFileType = sourcecode.swift; path = ViewController.swift; sourceTree = "<group>"; };
		151FBABB2C33EB0D00BB333C /* Base */ = {isa = PBXFileReference; lastKnownFileType = file.storyboard; name = Base; path = Base.lproj/Main.storyboard; sourceTree = "<group>"; };
		151FBABD2C33EB0F00BB333C /* Assets.xcassets */ = {isa = PBXFileReference; lastKnownFileType = folder.assetcatalog; path = Assets.xcassets; sourceTree = "<group>"; };
		151FBAC02C33EB0F00BB333C /* Base */ = {isa = PBXFileReference; lastKnownFileType = file.storyboard; name = Base; path = Base.lproj/LaunchScreen.storyboard; sourceTree = "<group>"; };
		151FBAC22C33EB0F00BB333C /* Info.plist */ = {isa = PBXFileReference; lastKnownFileType = text.plist.xml; path = Info.plist; sourceTree = "<group>"; };
		151FBAC72C33EB0F00BB333C /* zeta projectTests.xctest */ = {isa = PBXFileReference; explicitFileType = wrapper.cfbundle; includeInIndex = 0; path = "zeta projectTests.xctest"; sourceTree = BUILT_PRODUCTS_DIR; };
		151FBACB2C33EB0F00BB333C /* zeta_projectTests.swift */ = {isa = PBXFileReference; lastKnownFileType = sourcecode.swift; path = zeta_projectTests.swift; sourceTree = "<group>"; };
		151FBAD12C33EB1000BB333C /* zeta projectUITests.xctest */ = {isa = PBXFileReference; explicitFileType = wrapper.cfbundle; includeInIndex = 0; path = "zeta projectUITests.xctest"; sourceTree = BUILT_PRODUCTS_DIR; };
		151FBAD52C33EB1000BB333C /* zeta_projectUITests.swift */ = {isa = PBXFileReference; lastKnownFileType = sourcecode.swift; path = zeta_projectUITests.swift; sourceTree = "<group>"; };
		151FBAD72C33EB1000BB333C /* zeta_projectUITestsLaunchTests.swift */ = {isa = PBXFileReference; lastKnownFileType = sourcecode.swift; path = zeta_projectUITestsLaunchTests.swift; sourceTree = "<group>"; };
/* End PBXFileReference section */

/* Begin PBXFrameworksBuildPhase section */
		151FBAAE2C33EB0D00BB333C /* Frameworks */ = {
			isa = PBXFrameworksBuildPhase;
			buildActionMask = 2147483647;
			files = (
			);
			runOnlyForDeploymentPostprocessing = 0;
		};
		151FBAC42C33EB0F00BB333C /* Frameworks */ = {
			isa = PBXFrameworksBuildPhase;
			buildActionMask = 2147483647;
			files = (
			);
			runOnlyForDeploymentPostprocessing = 0;
		};
		151FBACE2C33EB1000BB333C /* Frameworks */ = {
			isa = PBXFrameworksBuildPhase;
			buildActionMask = 2147483647;
			files = (
			);
			runOnlyForDeploymentPostprocessing = 0;
		};
/* End PBXFrameworksBuildPhase section */

/* Begin PBXGroup section */
		151FBAA82C33EB0D00BB333C = {
			isa = PBXGroup;
			children = (
				151FBAB32C33EB0D00BB333C /* zeta project */,
				151FBACA2C33EB0F00BB333C /* zeta projectTests */,
				151FBAD42C33EB1000BB333C /* zeta projectUITests */,
				151FBAB22C33EB0D00BB333C /* Products */,
			);
			sourceTree = "<group>";
		};
		151FBAB22C33EB0D00BB333C /* Products */ = {
			isa = PBXGroup;
			children = (
				151FBAB12C33EB0D00BB333C /* zeta project.app */,
				151FBAC72C33EB0F00BB333C /* zeta projectTests.xctest */,
				151FBAD12C33EB1000BB333C /* zeta projectUITests.xctest */,
			);
			name = Products;
			sourceTree = "<group>";
		};
		151FBAB32C33EB0D00BB333C /* zeta project */ = {
			isa = PBXGroup;
			children = (
				151FBAB42C33EB0D00BB333C /* AppDelegate.swift */,
				151FBAB62C33EB0D00BB333C /* SceneDelegate.swift */,
				151FBAB82C33EB0D00BB333C /* ViewController.swift */,
				151FBABA2C33EB0D00BB333C /* Main.storyboard */,
				151FBABD2C33EB0F00BB333C /* Assets.xcassets */,
				151FBABF2C33EB0F00BB333C /* LaunchScreen.storyboard */,
				151FBAC22C33EB0F00BB333C /* Info.plist */,
			);
			path = "zeta project";
			sourceTree = "<group>";
		};
		151FBACA2C33EB0F00BB333C /* zeta projectTests */ = {
			isa = PBXGroup;
			children = (
				151FBACB2C33EB0F00BB333C /* zeta_projectTests.swift */,
			);
			path = "zeta projectTests";
			sourceTree = "<group>";
		};
		151FBAD42C33EB1000BB333C /* zeta projectUITests */ = {
			isa = PBXGroup;
			children = (
				151FBAD52C33EB1000BB333C /* zeta_projectUITests.swift */,
				151FBAD72C33EB1000BB333C /* zeta_projectUITestsLaunchTests.swift */,
			);
			path = "zeta projectUITests";
			sourceTree = "<group>";
		};
/* End PBXGroup section */

/* Begin PBXNativeTarget section */
		151FBAB02C33EB0D00BB333C /* zeta project */ = {
			isa = PBXNativeTarget;
			buildConfigurationList = 151FBADB2C33EB1000BB333C /* Build configuration list for PBXNativeTarget "zeta project" */;
			buildPhases = (
				151FBAAD2C33EB0D00BB333C /* Sources */,
				151FBAAE2C33EB0D00BB333C /* Frameworks */,
				151FBAAF2C33EB0D00BB333C /* Resources */,
			);
			buildRules = (
			);
			dependencies = (
			);
			name = "zeta project";
			productName = "zeta project";
			productReference = 151FBAB12C33EB0D00BB333C /* zeta project.app */;
			productType = "com.apple.product-type.application";
		};
		151FBAC62C33EB0F00BB333C /* zeta projectTests */ = {
			isa = PBXNativeTarget;
			buildConfigurationList = 151FBADE2C33EB1000BB333C /* Build configuration list for PBXNativeTarget "zeta projectTests" */;
			buildPhases = (
				151FBAC32C33EB0F00BB333C /* Sources */,
				151FBAC42C33EB0F00BB333C /* Frameworks */,
				151FBAC52C33EB0F00BB333C /* Resources */,
			);
			buildRules = (
			);
			dependencies = (
				151FBAC92C33EB0F00BB333C /* PBXTargetDependency */,
			);
			name = "zeta projectTests";
			productName = "zeta projectTests";
			productReference = 151FBAC72C33EB0F00BB333C /* zeta projectTests.xctest */;
			productType = "com.apple.product-type.bundle.unit-test";
		};
		151FBAD02C33EB1000BB333C /* zeta projectUITests */ = {
			isa = PBXNativeTarget;
			buildConfigurationList = 151FBAE12C33EB1000BB333C /* Build configuration list for PBXNativeTarget "zeta projectUITests" */;
			buildPhases = (
				151FBACD2C33EB1000BB333C /* Sources */,
				151FBACE2C33EB1000BB333C /* Frameworks */,
				151FBACF2C33EB1000BB333C /* Resources */,
			);
			buildRules = (
			);
			dependencies = (
				151FBAD32C33EB1000BB333C /* PBXTargetDependency */,
			);
			name = "zeta projectUITests";
			productName = "zeta projectUITests";
			productReference = 151FBAD12C33EB1000BB333C /* zeta projectUITests.xctest */;
			productType = "com.apple.product-type.bundle.ui-testing";
		};
/* End PBXNativeTarget section */

/* Begin PBXProject section */
		151FBAA92C33EB0D00BB333C /* Project object */ = {
			isa = PBXProject;
			attributes = {
				BuildIndependentTargetsInParallel = 1;
				LastSwiftUpdateCheck = 1500;
				LastUpgradeCheck = 1500;
				TargetAttributes = {
					151FBAB02C33EB0D00BB333C = {
						CreatedOnToolsVersion = 15.0;
					};
					151FBAC62C33EB0F00BB333C = {
						CreatedOnToolsVersion = 15.0;
						TestTargetID = 151FBAB02C33EB0D00BB333C;
					};
					151FBAD02C33EB1000BB333C = {
						CreatedOnToolsVersion = 15.0;
						TestTargetID = 151FBAB02C33EB0D00BB333C;
					};
				};
			};
			buildConfigurationList = 151FBAAC2C33EB0D00BB333C /* Build configuration list for PBXProject "zeta project" */;
			compatibilityVersion = "Xcode 14.0";
			developmentRegion = en;
			hasScannedForEncodings = 0;
			knownRegions = (
				en,
				Base,
			);
			mainGroup = 151FBAA82C33EB0D00BB333C;
			productRefGroup = 151FBAB22C33EB0D00BB333C /* Products */;
			projectDirPath = "";
			projectRoot = "";
			targets = (
				151FBAB02C33EB0D00BB333C /* zeta project */,
				151FBAC62C33EB0F00BB333C /* zeta projectTests */,
				151FBAD02C33EB1000BB333C /* zeta projectUITests */,
			);
		};
/* End PBXProject section */

/* Begin PBXResourcesBuildPhase section */
		151FBAAF2C33EB0D00BB333C /* Resources */ = {
			isa = PBXResourcesBuildPhase;
			buildActionMask = 2147483647;
			files = (
				151FBAC12C33EB0F00BB333C /* LaunchScreen.storyboard in Resources */,
				151FBABE2C33EB0F00BB333C /* Assets.xcassets in Resources */,
				151FBABC2C33EB0D00BB333C /* Main.storyboard in Resources */,
			);
			runOnlyForDeploymentPostprocessing = 0;
		};
		151FBAC52C33EB0F00BB333C /* Resources */ = {
			isa = PBXResourcesBuildPhase;
			buildActionMask = 2147483647;
			files = (
			);
			runOnlyForDeploymentPostprocessing = 0;
		};
		151FBACF2C33EB1000BB333C /* Resources */ = {
			isa = PBXResourcesBuildPhase;
			buildActionMask = 2147483647;
			files = (
			);
			runOnlyForDeploymentPostprocessing = 0;
		};
/* End PBXResourcesBuildPhase section */

/* Begin PBXSourcesBuildPhase section */
		151FBAAD2C33EB0D00BB333C /* Sources */ = {
			isa = PBXSourcesBuildPhase;
			buildActionMask = 2147483647;
			files = (
				151FBAB92C33EB0D00BB333C /* ViewController.swift in Sources */,
				151FBAB52C33EB0D00BB333C /* AppDelegate.swift in Sources */,
				151FBAB72C33EB0D00BB333C /* SceneDelegate.swift in Sources */,
			);
			runOnlyForDeploymentPostprocessing = 0;
		};
		151FBAC32C33EB0F00BB333C /* Sources */ = {
			isa = PBXSourcesBuildPhase;
			buildActionMask = 2147483647;
			files = (
				151FBACC2C33EB0F00BB333C /* zeta_projectTests.swift in Sources */,
			);
			runOnlyForDeploymentPostprocessing = 0;
		};
		151FBACD2C33EB1000BB333C /* Sources */ = {
			isa = PBXSourcesBuildPhase;
			buildActionMask = 2147483647;
			files = (
				151FBAD82C33EB1000BB333C /* zeta_projectUITestsLaunchTests.swift in Sources */,
				151FBAD62C33EB1000BB333C /* zeta_projectUITests.swift in Sources */,
			);
			runOnlyForDeploymentPostprocessing = 0;
		};
/* End PBXSourcesBuildPhase section */

/* Begin PBXTargetDependency section */
		151FBAC92C33EB0F00BB333C /* PBXTargetDependency */ = {
			isa = PBXTargetDependency;
			target = 151FBAB02C33EB0D00BB333C /* zeta project */;
			targetProxy = 151FBAC82C33EB0F00BB333C /* PBXContainerItemProxy */;
		};
		151FBAD32C33EB1000BB333C /* PBXTargetDependency */ = {
			isa = PBXTargetDependency;
			target = 151FBAB02C33EB0D00BB333C /* zeta project */;
			targetProxy = 151FBAD22C33EB1000BB333C /* PBXContainerItemProxy */;
		};
/* End PBXTargetDependency section */

/* Begin PBXVariantGroup section */
		151FBABA2C33EB0D00BB333C /* Main.storyboard */ = {
			isa = PBXVariantGroup;
			children = (
				151FBABB2C33EB0D00BB333C /* Base */,
			);
			name = Main.storyboard;
			sourceTree = "<group>";
		};
		151FBABF2C33EB0F00BB333C /* LaunchScreen.storyboard */ = {
			isa = PBXVariantGroup;
			children = (
				151FBAC02C33EB0F00BB333C /* Base */,
			);
			name = LaunchScreen.storyboard;
			sourceTree = "<group>";
		};
/* End PBXVariantGroup section */

/* Begin XCBuildConfiguration section */
		151FBAD92C33EB1000BB333C /* Debug */ = {
			isa = XCBuildConfiguration;
			buildSettings = {
				ALWAYS_SEARCH_USER_PATHS = NO;
				ASSETCATALOG_COMPILER_GENERATE_SWIFT_ASSET_SYMBOL_EXTENSIONS = YES;
				CLANG_ANALYZER_NONNULL = YES;
				CLANG_ANALYZER_NUMBER_OBJECT_CONVERSION = YES_AGGRESSIVE;
				CLANG_CXX_LANGUAGE_STANDARD = "gnu++20";
				CLANG_ENABLE_MODULES = YES;
				CLANG_ENABLE_OBJC_ARC = YES;
				CLANG_ENABLE_OBJC_WEAK = YES;
				CLANG_WARN_BLOCK_CAPTURE_AUTORELEASING = YES;
				CLANG_WARN_BOOL_CONVERSION = YES;
				CLANG_WARN_COMMA = YES;
				CLANG_WARN_CONSTANT_CONVERSION = YES;
				CLANG_WARN_DEPRECATED_OBJC_IMPLEMENTATIONS = YES;
				CLANG_WARN_DIRECT_OBJC_ISA_USAGE = YES_ERROR;
				CLANG_WARN_DOCUMENTATION_COMMENTS = YES;
				CLANG_WARN_EMPTY_BODY = YES;
				CLANG_WARN_ENUM_CONVERSION = YES;
				CLANG_WARN_INFINITE_RECURSION = YES;
				CLANG_WARN_INT_CONVERSION = YES;
				CLANG_WARN_NON_LITERAL_NULL_CONVERSION = YES;
				CLANG_WARN_OBJC_IMPLICIT_RETAIN_SELF = YES;
				CLANG_WARN_OBJC_LITERAL_CONVERSION = YES;
				CLANG_WARN_OBJC_ROOT_CLASS = YES_ERROR;
				CLANG_WARN_QUOTED_INCLUDE_IN_FRAMEWORK_HEADER = YES;
				CLANG_WARN_RANGE_LOOP_ANALYSIS = YES;
				CLANG_WARN_STRICT_PROTOTYPES = YES;
				CLANG_WARN_SUSPICIOUS_MOVE = YES;
				CLANG_WARN_UNGUARDED_AVAILABILITY = YES_AGGRESSIVE;
				CLANG_WARN_UNREACHABLE_CODE = YES;
				CLANG_WARN__DUPLICATE_METHOD_MATCH = YES;
				COPY_PHASE_STRIP = NO;
				DEBUG_INFORMATION_FORMAT = dwarf;
				ENABLE_STRICT_OBJC_MSGSEND = YES;
				ENABLE_TESTABILITY = YES;
				ENABLE_USER_SCRIPT_SANDBOXING = YES;
				GCC_C_LANGUAGE_STANDARD = gnu17;
				GCC_DYNAMIC_NO_PIC = NO;
				GCC_NO_COMMON_BLOCKS = YES;
				GCC_OPTIMIZATION_LEVEL = 0;
				GCC_PREPROCESSOR_DEFINITIONS = (
					"DEBUG=1",
					"$(inherited)",
				);
				GCC_WARN_64_TO_32_BIT_CONVERSION = YES;
				GCC_WARN_ABOUT_RETURN_TYPE = YES_ERROR;
				GCC_WARN_UNDECLARED_SELECTOR = YES;
				GCC_WARN_UNINITIALIZED_AUTOS = YES_AGGRESSIVE;
				GCC_WARN_UNUSED_FUNCTION = YES;
				GCC_WARN_UNUSED_VARIABLE = YES;
				IPHONEOS_DEPLOYMENT_TARGET = 17.0;
				LOCALIZATION_PREFERS_STRING_CATALOGS = YES;
				MTL_ENABLE_DEBUG_INFO = INCLUDE_SOURCE;
				MTL_FAST_MATH = YES;
				ONLY_ACTIVE_ARCH = YES;
				SDKROOT = iphoneos;
				SWIFT_ACTIVE_COMPILATION_CONDITIONS = "DEBUG $(inherited)";
				SWIFT_OPTIMIZATION_LEVEL = "-Onone";
			};
			name = Debug;
		};
		151FBADA2C33EB1000BB333C /* Release */ = {
			isa = XCBuildConfiguration;
			buildSettings = {
				ALWAYS_SEARCH_USER_PATHS = NO;
				ASSETCATALOG_COMPILER_GENERATE_SWIFT_ASSET_SYMBOL_EXTENSIONS = YES;
				CLANG_ANALYZER_NONNULL = YES;
				CLANG_ANALYZER_NUMBER_OBJECT_CONVERSION = YES_AGGRESSIVE;
				CLANG_CXX_LANGUAGE_STANDARD = "gnu++20";
				CLANG_ENABLE_MODULES = YES;
				CLANG_ENABLE_OBJC_ARC = YES;
				CLANG_ENABLE_OBJC_WEAK = YES;
				CLANG_WARN_BLOCK_CAPTURE_AUTORELEASING = YES;
				CLANG_WARN_BOOL_CONVERSION = YES;
				CLANG_WARN_COMMA = YES;
				CLANG_WARN_CONSTANT_CONVERSION = YES;
				CLANG_WARN_DEPRECATED_OBJC_IMPLEMENTATIONS = YES;
				CLANG_WARN_DIRECT_OBJC_ISA_USAGE = YES_ERROR;
				CLANG_WARN_DOCUMENTATION_COMMENTS = YES;
				CLANG_WARN_EMPTY_BODY = YES;
				CLANG_WARN_ENUM_CONVERSION = YES;
				CLANG_WARN_INFINITE_RECURSION = YES;
				CLANG_WARN_INT_CONVERSION = YES;
				CLANG_WARN_NON_LITERAL_NULL_CONVERSION = YES;
				CLANG_WARN_OBJC_IMPLICIT_RETAIN_SELF = YES;
				CLANG_WARN_OBJC_LITERAL_CONVERSION = YES;
				CLANG_WARN_OBJC_ROOT_CLASS = YES_ERROR;
				CLANG_WARN_QUOTED_INCLUDE_IN_FRAMEWORK_HEADER = YES;
				CLANG_WARN_RANGE_LOOP_ANALYSIS = YES;
				CLANG_WARN_STRICT_PROTOTYPES = YES;
				CLANG_WARN_SUSPICIOUS_MOVE = YES;
				CLANG_WARN_UNGUARDED_AVAILABILITY = YES_AGGRESSIVE;
				CLANG_WARN_UNREACHABLE_CODE = YES;
				CLANG_WARN__DUPLICATE_METHOD_MATCH = YES;
				COPY_PHASE_STRIP = NO;
				DEBUG_INFORMATION_FORMAT = "dwarf-with-dsym";
				ENABLE_NS_ASSERTIONS = NO;
				ENABLE_STRICT_OBJC_MSGSEND = YES;
				ENABLE_USER_SCRIPT_SANDBOXING = YES;
				GCC_C_LANGUAGE_STANDARD = gnu17;
				GCC_NO_COMMON_BLOCKS = YES;
				GCC_WARN_64_TO_32_BIT_CONVERSION = YES;
				GCC_WARN_ABOUT_RETURN_TYPE = YES_ERROR;
				GCC_WARN_UNDECLARED_SELECTOR = YES;
				GCC_WARN_UNINITIALIZED_AUTOS = YES_AGGRESSIVE;
				GCC_WARN_UNUSED_FUNCTION = YES;
				GCC_WARN_UNUSED_VARIABLE = YES;
				IPHONEOS_DEPLOYMENT_TARGET = 17.0;
				LOCALIZATION_PREFERS_STRING_CATALOGS = YES;
				MTL_ENABLE_DEBUG_INFO = NO;
				MTL_FAST_MATH = YES;
				SDKROOT = iphoneos;
				SWIFT_COMPILATION_MODE = wholemodule;
				VALIDATE_PRODUCT = YES;
			};
			name = Release;
		};
		151FBADC2C33EB1000BB333C /* Debug */ = {
			isa = XCBuildConfiguration;
			buildSettings = {
				ASSETCATALOG_COMPILER_APPICON_NAME = AppIcon;
				ASSETCATALOG_COMPILER_GLOBAL_ACCENT_COLOR_NAME = AccentColor;
				CODE_SIGN_STYLE = Automatic;
				CURRENT_PROJECT_VERSION = 1;
				DEVELOPMENT_TEAM = R2GZ7956TJ;
				GENERATE_INFOPLIST_FILE = YES;
				INFOPLIST_FILE = "zeta project/Info.plist";
				INFOPLIST_KEY_UIApplicationSupportsIndirectInputEvents = YES;
				INFOPLIST_KEY_UILaunchStoryboardName = LaunchScreen;
				INFOPLIST_KEY_UIMainStoryboardFile = Main;
				INFOPLIST_KEY_UISupportedInterfaceOrientations_iPad = "UIInterfaceOrientationPortrait UIInterfaceOrientationPortraitUpsideDown UIInterfaceOrientationLandscapeLeft UIInterfaceOrientationLandscapeRight";
				INFOPLIST_KEY_UISupportedInterfaceOrientations_iPhone = "UIInterfaceOrientationPortrait UIInterfaceOrientationLandscapeLeft UIInterfaceOrientationLandscapeRight";
				LD_RUNPATH_SEARCH_PATHS = (
					"$(inherited)",
					"@executable_path/Frameworks",
				);
				MARKETING_VERSION = 1.0;
				PRODUCT_BUNDLE_IDENTIFIER = "com.prasanna.zeta-project";
				PRODUCT_NAME = "$(TARGET_NAME)";
				SWIFT_EMIT_LOC_STRINGS = YES;
				SWIFT_VERSION = 5.0;
				TARGETED_DEVICE_FAMILY = "1,2";
			};
			name = Debug;
		};
		151FBADD2C33EB1000BB333C /* Release */ = {
			isa = XCBuildConfiguration;
			buildSettings = {
				ASSETCATALOG_COMPILER_APPICON_NAME = AppIcon;
				ASSETCATALOG_COMPILER_GLOBAL_ACCENT_COLOR_NAME = AccentColor;
				CODE_SIGN_STYLE = Automatic;
				CURRENT_PROJECT_VERSION = 1;
				DEVELOPMENT_TEAM = R2GZ7956TJ;
				GENERATE_INFOPLIST_FILE = YES;
				INFOPLIST_FILE = "zeta project/Info.plist";
				INFOPLIST_KEY_UIApplicationSupportsIndirectInputEvents = YES;
				INFOPLIST_KEY_UILaunchStoryboardName = LaunchScreen;
				INFOPLIST_KEY_UIMainStoryboardFile = Main;
				INFOPLIST_KEY_UISupportedInterfaceOrientations_iPad = "UIInterfaceOrientationPortrait UIInterfaceOrientationPortraitUpsideDown UIInterfaceOrientationLandscapeLeft UIInterfaceOrientationLandscapeRight";
				INFOPLIST_KEY_UISupportedInterfaceOrientations_iPhone = "UIInterfaceOrientationPortrait UIInterfaceOrientationLandscapeLeft UIInterfaceOrientationLandscapeRight";
				LD_RUNPATH_SEARCH_PATHS = (
					"$(inherited)",
					"@executable_path/Frameworks",
				);
				MARKETING_VERSION = 1.0;
				PRODUCT_BUNDLE_IDENTIFIER = "com.prasanna.zeta-project";
				PRODUCT_NAME = "$(TARGET_NAME)";
				SWIFT_EMIT_LOC_STRINGS = YES;
				SWIFT_VERSION = 5.0;
				TARGETED_DEVICE_FAMILY = "1,2";
			};
			name = Release;
		};
		151FBADF2C33EB1000BB333C /* Debug */ = {
			isa = XCBuildConfiguration;
			buildSettings = {
				ALWAYS_EMBED_SWIFT_STANDARD_LIBRARIES = YES;
				BUNDLE_LOADER = "$(TEST_HOST)";
				CODE_SIGN_STYLE = Automatic;
				CURRENT_PROJECT_VERSION = 1;
				DEVELOPMENT_TEAM = R2GZ7956TJ;
				GENERATE_INFOPLIST_FILE = YES;
				IPHONEOS_DEPLOYMENT_TARGET = 17.0;
				MARKETING_VERSION = 1.0;
				PRODUCT_BUNDLE_IDENTIFIER = "com.prasanna.zeta-projectTests";
				PRODUCT_NAME = "$(TARGET_NAME)";
				SWIFT_EMIT_LOC_STRINGS = NO;
				SWIFT_VERSION = 5.0;
				TARGETED_DEVICE_FAMILY = "1,2";
				TEST_HOST = "$(BUILT_PRODUCTS_DIR)/zeta project.app/$(BUNDLE_EXECUTABLE_FOLDER_PATH)/zeta project";
			};
			name = Debug;
		};
		151FBAE02C33EB1000BB333C /* Release */ = {
			isa = XCBuildConfiguration;
			buildSettings = {
				ALWAYS_EMBED_SWIFT_STANDARD_LIBRARIES = YES;
				BUNDLE_LOADER = "$(TEST_HOST)";
				CODE_SIGN_STYLE = Automatic;
				CURRENT_PROJECT_VERSION = 1;
				DEVELOPMENT_TEAM = R2GZ7956TJ;
				GENERATE_INFOPLIST_FILE = YES;
				IPHONEOS_DEPLOYMENT_TARGET = 17.0;
				MARKETING_VERSION = 1.0;
				PRODUCT_BUNDLE_IDENTIFIER = "com.prasanna.zeta-projectTests";
				PRODUCT_NAME = "$(TARGET_NAME)";
				SWIFT_EMIT_LOC_STRINGS = NO;
				SWIFT_VERSION = 5.0;
				TARGETED_DEVICE_FAMILY = "1,2";
				TEST_HOST = "$(BUILT_PRODUCTS_DIR)/zeta project.app/$(BUNDLE_EXECUTABLE_FOLDER_PATH)/zeta project";
			};
			name = Release;
		};
		151FBAE22C33EB1000BB333C /* Debug */ = {
			isa = XCBuildConfiguration;
			buildSettings = {
				ALWAYS_EMBED_SWIFT_STANDARD_LIBRARIES = YES;
				CODE_SIGN_STYLE = Automatic;
				CURRENT_PROJECT_VERSION = 1;
				DEVELOPMENT_TEAM = R2GZ7956TJ;
				GENERATE_INFOPLIST_FILE = YES;
				MARKETING_VERSION = 1.0;
				PRODUCT_BUNDLE_IDENTIFIER = "com.prasanna.zeta-projectUITests";
				PRODUCT_NAME = "$(TARGET_NAME)";
				SWIFT_EMIT_LOC_STRINGS = NO;
				SWIFT_VERSION = 5.0;
				TARGETED_DEVICE_FAMILY = "1,2";
				TEST_TARGET_NAME = "zeta project";
			};
			name = Debug;
		};
		151FBAE32C33EB1000BB333C /* Release */ = {
			isa = XCBuildConfiguration;
			buildSettings = {
				ALWAYS_EMBED_SWIFT_STANDARD_LIBRARIES = YES;
				CODE_SIGN_STYLE = Automatic;
				CURRENT_PROJECT_VERSION = 1;
				DEVELOPMENT_TEAM = R2GZ7956TJ;
				GENERATE_INFOPLIST_FILE = YES;
				MARKETING_VERSION = 1.0;
				PRODUCT_BUNDLE_IDENTIFIER = "com.prasanna.zeta-projectUITests";
				PRODUCT_NAME = "$(TARGET_NAME)";
				SWIFT_EMIT_LOC_STRINGS = NO;
				SWIFT_VERSION = 5.0;
				TARGETED_DEVICE_FAMILY = "1,2";
				TEST_TARGET_NAME = "zeta project";
			};
			name = Release;
		};
/* End XCBuildConfiguration section */

/* Begin XCConfigurationList section */
		151FBAAC2C33EB0D00BB333C /* Build configuration list for PBXProject "zeta project" */ = {
			isa = XCConfigurationList;
			buildConfigurations = (
				151FBAD92C33EB1000BB333C /* Debug */,
				151FBADA2C33EB1000BB333C /* Release */,
			);
			defaultConfigurationIsVisible = 0;
			defaultConfigurationName = Release;
		};
		151FBADB2C33EB1000BB333C /* Build configuration list for PBXNativeTarget "zeta project" */ = {
			isa = XCConfigurationList;
			buildConfigurations = (
				151FBADC2C33EB1000BB333C /* Debug */,
				151FBADD2C33EB1000BB333C /* Release */,
			);
			defaultConfigurationIsVisible = 0;
			defaultConfigurationName = Release;
		};
		151FBADE2C33EB1000BB333C /* Build configuration list for PBXNativeTarget "zeta projectTests" */ = {
			isa = XCConfigurationList;
			buildConfigurations = (
				151FBADF2C33EB1000BB333C /* Debug */,
				151FBAE02C33EB1000BB333C /* Release */,
			);
			defaultConfigurationIsVisible = 0;
			defaultConfigurationName = Release;
		};
		151FBAE12C33EB1000BB333C /* Build configuration list for PBXNativeTarget "zeta projectUITests" */ = {
			isa = XCConfigurationList;
			buildConfigurations = (
				151FBAE22C33EB1000BB333C /* Debug */,
				151FBAE32C33EB1000BB333C /* Release */,
			);
			defaultConfigurationIsVisible = 0;
			defaultConfigurationName = Release;
		};
/* End XCConfigurationList section */
	};
	rootObject = 151FBAA92C33EB0D00BB333C /* Project object */;
}
